
Microsoft Visual Studio Solution File, Format Version 12.00
# Visual Studio Version 17
VisualStudioVersion = 17.4.33122.133
MinimumVisualStudioVersion = 10.0.40219.1
Project("{FAE04EC0-301F-11D3-BF4B-00C04F79EFBC}") = "CRUDNet7MVC", "CRUDNet7MVC\CRUDNet7MVC.csproj", "{9F8CB508-94C3-4421-8228-59D4ADF1FE6E}"
EndProject
Global
	GlobalSection(SolutionConfigurationPlatforms) = preSolution
		Debug|Any CPU = Debug|Any CPU
		Release|Any CPU = Release|Any CPU
	EndGlobalSection
	GlobalSection(ProjectConfigurationPlatforms) = postSolution
		{9F8CB508-94C3-4421-8228-59D4ADF1FE6E}.Debug|Any CPU.ActiveCfg = Debug|Any CPU
		{9F8CB508-94C3-4421-8228-59D4ADF1FE6E}.Debug|Any CPU.Build.0 = Debug|Any CPU
		{9F8CB508-94C3-4421-8228-59D4ADF1FE6E}.Release|Any CPU.ActiveCfg = Release|Any CPU
		{9F8CB508-94C3-4421-8228-59D4ADF1FE6E}.Release|Any CPU.Build.0 = Release|Any CPU
	EndGlobalSection
	GlobalSection(SolutionProperties) = preSolution
		HideSolutionNode = FALSE
	EndGlobalSection
	GlobalSection(ExtensibilityGlobals) = postSolution
		SolutionGuid = {90648595-71C1-42AB-83C3-5A18A06428E7}
	EndGlobalSection
EndGlobal
